{
    "_readme": [
        "This file locks the dependencies of your project to a known state",
        "Read more about it at http://getcomposer.org/doc/01-basic-usage.md#composer-lock-the-lock-file",
        "This file is @generated automatically"
    ],
    "hash": "b8ee3de85442b3f1b11b6e6d757282e1",
    "packages": [
        {
            "name": "mongofill/mongofill",
            "version": "dev-master",
            "source": {
                "type": "git",
                "url": "https://github.com/mongofill/mongofill.git",
                "reference": "8ed2cd344f406c0cb34709e134ce19eafbfa2c85"
            },
            "dist": {
                "type": "zip",
                "url": "https://api.github.com/repos/mongofill/mongofill/zipball/8ed2cd344f406c0cb34709e134ce19eafbfa2c85",
                "reference": "8ed2cd344f406c0cb34709e134ce19eafbfa2c85",
                "shasum": ""
            },
            "provide": {
                "ext-mongo": "*"
            },
            "require-dev": {
                "athletic/athletic": "dev-master"
            },
            "type": "library",
            "autoload": {
                "classmap": [
                    {
                        "Mongofill": "src/"
                    },
                    {
                        "Mongo": "src/Mongo.php"
                    },
                    {
                        "MongoBinData": "src/MongoBinData.php"
                    },
                    {
                        "MongoClient": "src/MongoClient.php"
                    },
                    {
                        "MongoCode": "src/MongoCode.php"
                    },
                    {
                        "MongoCollection": "src/MongoCollection.php"
                    },
                    {
                        "MongoConnectionException": "src/MongoConnectionException.php"
                    },
                    {
                        "MongoCursor": "src/MongoCursor.php"
                    },
                    {
                        "MongoCursorException": "src/MongoCursorException.php"
                    },
                    {
                        "MongoCursorTimeoutException": "src/MongoCursorTimeoutException.php"
                    },
                    {
                        "MongoDB": "src/MongoDB.php"
                    },
                    {
                        "MongoDBRef": "src/MongoDBRef.php"
                    },
                    {
                        "MongoDate": "src/MongoDate.php"
                    },
                    {
                        "MongoException": "src/MongoException.php"
                    },
                    {
                        "MongoGridFS": "src/MongoGridFS.php"
                    },
                    {
                        "MongoGridFSFile": "src/MongoGridFSFile.php"
                    },
                    {
                        "MongoGridFSException": "src/MongoGridFSException.php"
                    },
                    {
                        "MongoGridFSCursor": "src/MongoGridFSCursor.php"
                    },
                    {
                        "MongoId": "src/MongoId.php"
                    },
                    {
                        "MongoInt32": "src/MongoInt32.php"
                    },
                    {
                        "MongoInt64": "src/MongoInt64.php"
                    },
                    {
                        "MongoLog": "src/MongoLog.php"
                    },
                    {
                        "MongoMaxKey": "src/MongoMaxKey.php"
                    },
                    {
                        "MongoMinKey": "src/MongoMinKey.php"
                    },
                    {
                        "MongoRegex": "src/MongoRegex.php"
                    },
                    {
                        "MongoResultException": "src/MongoResultException.php"
                    },
                    {
                        "MongoTimestamp": "src/MongoTimestamp.php"
                    }
                ],
                "files": [
                    "src/functions.php"
                ]
            },
            "notification-url": "https://packagist.org/downloads/",
            "license": [
                "MIT"
            ],
            "authors": [
                {
                    "name": "Jakub Husák",
                    "email": "husak.j@gmail.com"
                },
                {
                    "name": "Mongofill Community",
                    "homepage": "https://github.com/mongofill/mongofill/graphs/contributors"
                },
                {
                    "name": "Máximo Cuadros",
                    "email": "mcuadros@gmail.com"
                }
            ],
            "description": "Polyfill of PECL Mongo extension",
            "time": "2014-11-05 23:31:48"
        }
    ],
    "packages-dev": [],
    "aliases": [],
    "minimum-stability": "stable",
    "stability-flags": {
        "mongofill/mongofill": 20
    },
    "prefer-stable": false,
    "platform": [],
    "platform-dev": []
}
